
Microsoft Visual Studio Solution File, Format Version 12.00
# Visual Studio Version 17
VisualStudioVersion = 17.10.34707.107
MinimumVisualStudioVersion = 10.0.40219.1
Project("{9A19103F-16F7-4668-BE54-9A1E7A4F7556}") = "FastEndpointApi", "FastEndpointApi\FastEndpointApi.csproj", "{7007936C-67BA-40D2-BEA8-1B234DED484D}"
EndProject
Global
	GlobalSection(SolutionConfigurationPlatforms) = preSolution
		Debug|Any CPU = Debug|Any CPU
		Release|Any CPU = Release|Any CPU
	EndGlobalSection
	GlobalSection(ProjectConfigurationPlatforms) = postSolution
		{7007936C-67BA-40D2-BEA8-1B234DED484D}.Debug|Any CPU.ActiveCfg = Debug|Any CPU
		{7007936C-67BA-40D2-BEA8-1B234DED484D}.Debug|Any CPU.Build.0 = Debug|Any CPU
		{7007936C-67BA-40D2-BEA8-1B234DED484D}.Release|Any CPU.ActiveCfg = Release|Any CPU
		{7007936C-67BA-40D2-BEA8-1B234DED484D}.Release|Any CPU.Build.0 = Release|Any CPU
	EndGlobalSection
	GlobalSection(SolutionProperties) = preSolution
		HideSolutionNode = FALSE
	EndGlobalSection
	GlobalSection(ExtensibilityGlobals) = postSolution
		SolutionGuid = {7868B25D-BA5E-4ED9-AC2A-322A21A73C72}
	EndGlobalSection
EndGlobal
